// !$*UTF8*$!
{
	archiveVersion = 1;
	classes = {
	};
	objectVersion = 50;
	objects = {

/* Begin PBXBuildFile section */
		319B00F822B4CCD600546447 /* AppDelegate.swift in Sources */ = {isa = PBXBuildFile; fileRef = 319B00F722B4CCD600546447 /* AppDelegate.swift */; };
		319B00FA22B4CCD600546447 /* ViewController.swift in Sources */ = {isa = PBXBuildFile; fileRef = 319B00F922B4CCD600546447 /* ViewController.swift */; };
		319B00FD22B4CCD600546447 /* Main.storyboard in Resources */ = {isa = PBXBuildFile; fileRef = 319B00FB22B4CCD600546447 /* Main.storyboard */; };
		319B00FF22B4CCD700546447 /* Assets.xcassets in Resources */ = {isa = PBXBuildFile; fileRef = 319B00FE22B4CCD700546447 /* Assets.xcassets */; };
		319B010222B4CCD700546447 /* LaunchScreen.storyboard in Resources */ = {isa = PBXBuildFile; fileRef = 319B010022B4CCD700546447 /* LaunchScreen.storyboard */; };
		319B010D22B4CCD700546447 /* AddMenuTests.swift in Sources */ = {isa = PBXBuildFile; fileRef = 319B010C22B4CCD700546447 /* AddMenuTests.swift */; };
		319B011822B4CCD700546447 /* AddMenuUITests.swift in Sources */ = {isa = PBXBuildFile; fileRef = 319B011722B4CCD700546447 /* AddMenuUITests.swift */; };
		319B014422B4CD1A00546447 /* MenuTitleView.swift in Sources */ = {isa = PBXBuildFile; fileRef = 319B014022B4CD1A00546447 /* MenuTitleView.swift */; };
		319B014522B4CD1A00546447 /* UINavigationController+Ext.swift in Sources */ = {isa = PBXBuildFile; fileRef = 319B014122B4CD1A00546447 /* UINavigationController+Ext.swift */; };
		319B014622B4CD1A00546447 /* MenuContainerView.swift in Sources */ = {isa = PBXBuildFile; fileRef = 319B014222B4CD1A00546447 /* MenuContainerView.swift */; };
		734DFA6622B8BD9E0048C7F9 /* ModalViewController.swift in Sources */ = {isa = PBXBuildFile; fileRef = 734DFA6522B8BD9E0048C7F9 /* ModalViewController.swift */; };
		734DFA6822B8BF8D0048C7F9 /* Menu.swift in Sources */ = {isa = PBXBuildFile; fileRef = 734DFA6722B8BF8D0048C7F9 /* Menu.swift */; };
/* End PBXBuildFile section */

/* Begin PBXContainerItemProxy section */
		319B010922B4CCD700546447 /* PBXContainerItemProxy */ = {
			isa = PBXContainerItemProxy;
			containerPortal = 319B00EC22B4CCD600546447 /* Project object */;
			proxyType = 1;
			remoteGlobalIDString = 319B00F322B4CCD600546447;
			remoteInfo = AddMenu;
		};
		319B011422B4CCD700546447 /* PBXContainerItemProxy */ = {
			isa = PBXContainerItemProxy;
			containerPortal = 319B00EC22B4CCD600546447 /* Project object */;
			proxyType = 1;
			remoteGlobalIDString = 319B00F322B4CCD600546447;
			remoteInfo = AddMenu;
		};
/* End PBXContainerItemProxy section */

/* Begin PBXFileReference section */
		319B00F422B4CCD600546447 /* AddMenu.app */ = {isa = PBXFileReference; explicitFileType = wrapper.application; includeInIndex = 0; path = AddMenu.app; sourceTree = BUILT_PRODUCTS_DIR; };
		319B00F722B4CCD600546447 /* AppDelegate.swift */ = {isa = PBXFileReference; lastKnownFileType = sourcecode.swift; path = AppDelegate.swift; sourceTree = "<group>"; };
		319B00F922B4CCD600546447 /* ViewController.swift */ = {isa = PBXFileReference; lastKnownFileType = sourcecode.swift; path = ViewController.swift; sourceTree = "<group>"; };
		319B00FC22B4CCD600546447 /* Base */ = {isa = PBXFileReference; lastKnownFileType = file.storyboard; name = Base; path = Base.lproj/Main.storyboard; sourceTree = "<group>"; };
		319B00FE22B4CCD700546447 /* Assets.xcassets */ = {isa = PBXFileReference; lastKnownFileType = folder.assetcatalog; path = Assets.xcassets; sourceTree = "<group>"; };
		319B010122B4CCD700546447 /* Base */ = {isa = PBXFileReference; lastKnownFileType = file.storyboard; name = Base; path = Base.lproj/LaunchScreen.storyboard; sourceTree = "<group>"; };
		319B010322B4CCD700546447 /* Info.plist */ = {isa = PBXFileReference; lastKnownFileType = text.plist.xml; path = Info.plist; sourceTree = "<group>"; };
		319B010822B4CCD700546447 /* AddMenuTests.xctest */ = {isa = PBXFileReference; explicitFileType = wrapper.cfbundle; includeInIndex = 0; path = AddMenuTests.xctest; sourceTree = BUILT_PRODUCTS_DIR; };
		319B010C22B4CCD700546447 /* AddMenuTests.swift */ = {isa = PBXFileReference; lastKnownFileType = sourcecode.swift; path = AddMenuTests.swift; sourceTree = "<group>"; };
		319B010E22B4CCD700546447 /* Info.plist */ = {isa = PBXFileReference; lastKnownFileType = text.plist.xml; path = Info.plist; sourceTree = "<group>"; };
		319B011322B4CCD700546447 /* AddMenuUITests.xctest */ = {isa = PBXFileReference; explicitFileType = wrapper.cfbundle; includeInIndex = 0; path = AddMenuUITests.xctest; sourceTree = BUILT_PRODUCTS_DIR; };
		319B011722B4CCD700546447 /* AddMenuUITests.swift */ = {isa = PBXFileReference; lastKnownFileType = sourcecode.swift; path = AddMenuUITests.swift; sourceTree = "<group>"; };
		319B011922B4CCD700546447 /* Info.plist */ = {isa = PBXFileReference; lastKnownFileType = text.plist.xml; path = Info.plist; sourceTree = "<group>"; };
		319B014022B4CD1A00546447 /* MenuTitleView.swift */ = {isa = PBXFileReference; fileEncoding = 4; lastKnownFileType = sourcecode.swift; path = MenuTitleView.swift; sourceTree = "<group>"; };
		319B014122B4CD1A00546447 /* UINavigationController+Ext.swift */ = {isa = PBXFileReference; fileEncoding = 4; lastKnownFileType = sourcecode.swift; path = "UINavigationController+Ext.swift"; sourceTree = "<group>"; };
		319B014222B4CD1A00546447 /* MenuContainerView.swift */ = {isa = PBXFileReference; fileEncoding = 4; lastKnownFileType = sourcecode.swift; path = MenuContainerView.swift; sourceTree = "<group>"; };
		734DFA6522B8BD9E0048C7F9 /* ModalViewController.swift */ = {isa = PBXFileReference; lastKnownFileType = sourcecode.swift; path = ModalViewController.swift; sourceTree = "<group>"; };
		734DFA6722B8BF8D0048C7F9 /* Menu.swift */ = {isa = PBXFileReference; lastKnownFileType = sourcecode.swift; path = Menu.swift; sourceTree = "<group>"; };
/* End PBXFileReference section */

/* Begin PBXFrameworksBuildPhase section */
		319B00F122B4CCD600546447 /* Frameworks */ = {
			isa = PBXFrameworksBuildPhase;
			buildActionMask = 2147483647;
			files = (
			);
			runOnlyForDeploymentPostprocessing = 0;
		};
		319B010522B4CCD700546447 /* Frameworks */ = {
			isa = PBXFrameworksBuildPhase;
			buildActionMask = 2147483647;
			files = (
			);
			runOnlyForDeploymentPostprocessing = 0;
		};
		319B011022B4CCD700546447 /* Frameworks */ = {
			isa = PBXFrameworksBuildPhase;
			buildActionMask = 2147483647;
			files = (
			);
			runOnlyForDeploymentPostprocessing = 0;
		};
/* End PBXFrameworksBuildPhase section */

/* Begin PBXGroup section */
		319B00EB22B4CCD600546447 = {
			isa = PBXGroup;
			children = (
				319B00F622B4CCD600546447 /* AddMenu */,
				319B010B22B4CCD700546447 /* AddMenuTests */,
				319B011622B4CCD700546447 /* AddMenuUITests */,
				319B00F522B4CCD600546447 /* Products */,
			);
			sourceTree = "<group>";
		};
		319B00F522B4CCD600546447 /* Products */ = {
			isa = PBXGroup;
			children = (
				319B00F422B4CCD600546447 /* AddMenu.app */,
				319B010822B4CCD700546447 /* AddMenuTests.xctest */,
				319B011322B4CCD700546447 /* AddMenuUITests.xctest */,
			);
			name = Products;
			sourceTree = "<group>";
		};
		319B00F622B4CCD600546447 /* AddMenu */ = {
			isa = PBXGroup;
			children = (
				319B00F722B4CCD600546447 /* AppDelegate.swift */,
				319B00F922B4CCD600546447 /* ViewController.swift */,
				734DFA6522B8BD9E0048C7F9 /* ModalViewController.swift */,
				319B00FB22B4CCD600546447 /* Main.storyboard */,
				319B00FE22B4CCD700546447 /* Assets.xcassets */,
				319B010022B4CCD700546447 /* LaunchScreen.storyboard */,
				319B010322B4CCD700546447 /* Info.plist */,
				319B013F22B4CD1A00546447 /* MenuNavigationController */,
			);
			path = AddMenu;
			sourceTree = "<group>";
		};
		319B010B22B4CCD700546447 /* AddMenuTests */ = {
			isa = PBXGroup;
			children = (
				319B010C22B4CCD700546447 /* AddMenuTests.swift */,
				319B010E22B4CCD700546447 /* Info.plist */,
			);
			path = AddMenuTests;
			sourceTree = "<group>";
		};
		319B011622B4CCD700546447 /* AddMenuUITests */ = {
			isa = PBXGroup;
			children = (
				319B011722B4CCD700546447 /* AddMenuUITests.swift */,
				319B011922B4CCD700546447 /* Info.plist */,
			);
			path = AddMenuUITests;
			sourceTree = "<group>";
		};
		319B013F22B4CD1A00546447 /* MenuNavigationController */ = {
			isa = PBXGroup;
			children = (
				319B014122B4CD1A00546447 /* UINavigationController+Ext.swift */,
				319B014022B4CD1A00546447 /* MenuTitleView.swift */,
				319B014222B4CD1A00546447 /* MenuContainerView.swift */,
				734DFA6722B8BF8D0048C7F9 /* Menu.swift */,
			);
			path = MenuNavigationController;
			sourceTree = "<group>";
		};
/* End PBXGroup section */

/* Begin PBXNativeTarget section */
		319B00F322B4CCD600546447 /* AddMenu */ = {
			isa = PBXNativeTarget;
			buildConfigurationList = 319B011C22B4CCD700546447 /* Build configuration list for PBXNativeTarget "AddMenu" */;
			buildPhases = (
				319B00F022B4CCD600546447 /* Sources */,
				319B00F122B4CCD600546447 /* Frameworks */,
				319B00F222B4CCD600546447 /* Resources */,
			);
			buildRules = (
			);
			dependencies = (
			);
			name = AddMenu;
			productName = AddMenu;
			productReference = 319B00F422B4CCD600546447 /* AddMenu.app */;
			productType = "com.apple.product-type.application";
		};
		319B010722B4CCD700546447 /* AddMenuTests */ = {
			isa = PBXNativeTarget;
			buildConfigurationList = 319B011F22B4CCD700546447 /* Build configuration list for PBXNativeTarget "AddMenuTests" */;
			buildPhases = (
				319B010422B4CCD700546447 /* Sources */,
				319B010522B4CCD700546447 /* Frameworks */,
				319B010622B4CCD700546447 /* Resources */,
			);
			buildRules = (
			);
			dependencies = (
				319B010A22B4CCD700546447 /* PBXTargetDependency */,
			);
			name = AddMenuTests;
			productName = AddMenuTests;
			productReference = 319B010822B4CCD700546447 /* AddMenuTests.xctest */;
			productType = "com.apple.product-type.bundle.unit-test";
		};
		319B011222B4CCD700546447 /* AddMenuUITests */ = {
			isa = PBXNativeTarget;
			buildConfigurationList = 319B012222B4CCD700546447 /* Build configuration list for PBXNativeTarget "AddMenuUITests" */;
			buildPhases = (
				319B010F22B4CCD700546447 /* Sources */,
				319B011022B4CCD700546447 /* Frameworks */,
				319B011122B4CCD700546447 /* Resources */,
			);
			buildRules = (
			);
			dependencies = (
				319B011522B4CCD700546447 /* PBXTargetDependency */,
			);
			name = AddMenuUITests;
			productName = AddMenuUITests;
			productReference = 319B011322B4CCD700546447 /* AddMenuUITests.xctest */;
			productType = "com.apple.product-type.bundle.ui-testing";
		};
/* End PBXNativeTarget section */

/* Begin PBXProject section */
		319B00EC22B4CCD600546447 /* Project object */ = {
			isa = PBXProject;
			attributes = {
				LastSwiftUpdateCheck = 1020;
				LastUpgradeCheck = 1020;
				ORGANIZATIONNAME = "InKwon Devik Kim";
				TargetAttributes = {
					319B00F322B4CCD600546447 = {
						CreatedOnToolsVersion = 10.2.1;
					};
					319B010722B4CCD700546447 = {
						CreatedOnToolsVersion = 10.2.1;
						TestTargetID = 319B00F322B4CCD600546447;
					};
					319B011222B4CCD700546447 = {
						CreatedOnToolsVersion = 10.2.1;
						TestTargetID = 319B00F322B4CCD600546447;
					};
				};
			};
			buildConfigurationList = 319B00EF22B4CCD600546447 /* Build configuration list for PBXProject "AddMenu" */;
			compatibilityVersion = "Xcode 9.3";
			developmentRegion = en;
			hasScannedForEncodings = 0;
			knownRegions = (
				en,
				Base,
			);
			mainGroup = 319B00EB22B4CCD600546447;
			productRefGroup = 319B00F522B4CCD600546447 /* Products */;
			projectDirPath = "";
			projectRoot = "";
			targets = (
				319B00F322B4CCD600546447 /* AddMenu */,
				319B010722B4CCD700546447 /* AddMenuTests */,
				319B011222B4CCD700546447 /* AddMenuUITests */,
			);
		};
/* End PBXProject section */

/* Begin PBXResourcesBuildPhase section */
		319B00F222B4CCD600546447 /* Resources */ = {
			isa = PBXResourcesBuildPhase;
			buildActionMask = 2147483647;
			files = (
				319B010222B4CCD700546447 /* LaunchScreen.storyboard in Resources */,
				319B00FF22B4CCD700546447 /* Assets.xcassets in Resources */,
				319B00FD22B4CCD600546447 /* Main.storyboard in Resources */,
			);
			runOnlyForDeploymentPostprocessing = 0;
		};
		319B010622B4CCD700546447 /* Resources */ = {
			isa = PBXResourcesBuildPhase;
			buildActionMask = 2147483647;
			files = (
			);
			runOnlyForDeploymentPostprocessing = 0;
		};
		319B011122B4CCD700546447 /* Resources */ = {
			isa = PBXResourcesBuildPhase;
			buildActionMask = 2147483647;
			files = (
			);
			runOnlyForDeploymentPostprocessing = 0;
		};
/* End PBXResourcesBuildPhase section */

/* Begin PBXSourcesBuildPhase section */
		319B00F022B4CCD600546447 /* Sources */ = {
			isa = PBXSourcesBuildPhase;
			buildActionMask = 2147483647;
			files = (
				319B00FA22B4CCD600546447 /* ViewController.swift in Sources */,
				319B014422B4CD1A00546447 /* MenuTitleView.swift in Sources */,
				734DFA6822B8BF8D0048C7F9 /* Menu.swift in Sources */,
				319B014622B4CD1A00546447 /* MenuContainerView.swift in Sources */,
				319B014522B4CD1A00546447 /* UINavigationController+Ext.swift in Sources */,
				319B00F822B4CCD600546447 /* AppDelegate.swift in Sources */,
				734DFA6622B8BD9E0048C7F9 /* ModalViewController.swift in Sources */,
			);
			runOnlyForDeploymentPostprocessing = 0;
		};
		319B010422B4CCD700546447 /* Sources */ = {
			isa = PBXSourcesBuildPhase;
			buildActionMask = 2147483647;
			files = (
				319B010D22B4CCD700546447 /* AddMenuTests.swift in Sources */,
			);
			runOnlyForDeploymentPostprocessing = 0;
		};
		319B010F22B4CCD700546447 /* Sources */ = {
			isa = PBXSourcesBuildPhase;
			buildActionMask = 2147483647;
			files = (
				319B011822B4CCD700546447 /* AddMenuUITests.swift in Sources */,
			);
			runOnlyForDeploymentPostprocessing = 0;
		};
/* End PBXSourcesBuildPhase section */

/* Begin PBXTargetDependency section */
		319B010A22B4CCD700546447 /* PBXTargetDependency */ = {
			isa = PBXTargetDependency;
			target = 319B00F322B4CCD600546447 /* AddMenu */;
			targetProxy = 319B010922B4CCD700546447 /* PBXContainerItemProxy */;
		};
		319B011522B4CCD700546447 /* PBXTargetDependency */ = {
			isa = PBXTargetDependency;
			target = 319B00F322B4CCD600546447 /* AddMenu */;
			targetProxy = 319B011422B4CCD700546447 /* PBXContainerItemProxy */;
		};
/* End PBXTargetDependency section */

/* Begin PBXVariantGroup section */
		319B00FB22B4CCD600546447 /* Main.storyboard */ = {
			isa = PBXVariantGroup;
			children = (
				319B00FC22B4CCD600546447 /* Base */,
			);
			name = Main.storyboard;
			sourceTree = "<group>";
		};
		319B010022B4CCD700546447 /* LaunchScreen.storyboard */ = {
			isa = PBXVariantGroup;
			children = (
				319B010122B4CCD700546447 /* Base */,
			);
			name = LaunchScreen.storyboard;
			sourceTree = "<group>";
		};
/* End PBXVariantGroup section */

/* Begin XCBuildConfiguration section */
		319B011A22B4CCD700546447 /* Debug */ = {
			isa = XCBuildConfiguration;
			buildSettings = {
				ALWAYS_SEARCH_USER_PATHS = NO;
				CLANG_ANALYZER_NONNULL = YES;
				CLANG_ANALYZER_NUMBER_OBJECT_CONVERSION = YES_AGGRESSIVE;
				CLANG_CXX_LANGUAGE_STANDARD = "gnu++14";
				CLANG_CXX_LIBRARY = "libc++";
				CLANG_ENABLE_MODULES = YES;
				CLANG_ENABLE_OBJC_ARC = YES;
				CLANG_ENABLE_OBJC_WEAK = YES;
				CLANG_WARN_BLOCK_CAPTURE_AUTORELEASING = YES;
				CLANG_WARN_BOOL_CONVERSION = YES;
				CLANG_WARN_COMMA = YES;
				CLANG_WARN_CONSTANT_CONVERSION = YES;
				CLANG_WARN_DEPRECATED_OBJC_IMPLEMENTATIONS = YES;
				CLANG_WARN_DIRECT_OBJC_ISA_USAGE = YES_ERROR;
				CLANG_WARN_DOCUMENTATION_COMMENTS = YES;
				CLANG_WARN_EMPTY_BODY = YES;
				CLANG_WARN_ENUM_CONVERSION = YES;
				CLANG_WARN_INFINITE_RECURSION = YES;
				CLANG_WARN_INT_CONVERSION = YES;
				CLANG_WARN_NON_LITERAL_NULL_CONVERSION = YES;
				CLANG_WARN_OBJC_IMPLICIT_RETAIN_SELF = YES;
				CLANG_WARN_OBJC_LITERAL_CONVERSION = YES;
				CLANG_WARN_OBJC_ROOT_CLASS = YES_ERROR;
				CLANG_WARN_RANGE_LOOP_ANALYSIS = YES;
				CLANG_WARN_STRICT_PROTOTYPES = YES;
				CLANG_WARN_SUSPICIOUS_MOVE = YES;
				CLANG_WARN_UNGUARDED_AVAILABILITY = YES_AGGRESSIVE;
				CLANG_WARN_UNREACHABLE_CODE = YES;
				CLANG_WARN__DUPLICATE_METHOD_MATCH = YES;
				CODE_SIGN_IDENTITY = "iPhone Developer";
				COPY_PHASE_STRIP = NO;
				DEBUG_INFORMATION_FORMAT = dwarf;
				ENABLE_STRICT_OBJC_MSGSEND = YES;
				ENABLE_TESTABILITY = YES;
				GCC_C_LANGUAGE_STANDARD = gnu11;
				GCC_DYNAMIC_NO_PIC = NO;
				GCC_NO_COMMON_BLOCKS = YES;
				GCC_OPTIMIZATION_LEVEL = 0;
				GCC_PREPROCESSOR_DEFINITIONS = (
					"DEBUG=1",
					"$(inherited)",
				);
				GCC_WARN_64_TO_32_BIT_CONVERSION = YES;
				GCC_WARN_ABOUT_RETURN_TYPE = YES_ERROR;
				GCC_WARN_UNDECLARED_SELECTOR = YES;
				GCC_WARN_UNINITIALIZED_AUTOS = YES_AGGRESSIVE;
				GCC_WARN_UNUSED_FUNCTION = YES;
				GCC_WARN_UNUSED_VARIABLE = YES;
				IPHONEOS_DEPLOYMENT_TARGET = 12.2;
				MTL_ENABLE_DEBUG_INFO = INCLUDE_SOURCE;
				MTL_FAST_MATH = YES;
				ONLY_ACTIVE_ARCH = YES;
				SDKROOT = iphoneos;
				SWIFT_ACTIVE_COMPILATION_CONDITIONS = DEBUG;
				SWIFT_OPTIMIZATION_LEVEL = "-Onone";
			};
			name = Debug;
		};
		319B011B22B4CCD700546447 /* Release */ = {
			isa = XCBuildConfiguration;
			buildSettings = {
				ALWAYS_SEARCH_USER_PATHS = NO;
				CLANG_ANALYZER_NONNULL = YES;
				CLANG_ANALYZER_NUMBER_OBJECT_CONVERSION = YES_AGGRESSIVE;
				CLANG_CXX_LANGUAGE_STANDARD = "gnu++14";
				CLANG_CXX_LIBRARY = "libc++";
				CLANG_ENABLE_MODULES = YES;
				CLANG_ENABLE_OBJC_ARC = YES;
				CLANG_ENABLE_OBJC_WEAK = YES;
				CLANG_WARN_BLOCK_CAPTURE_AUTORELEASING = YES;
				CLANG_WARN_BOOL_CONVERSION = YES;
				CLANG_WARN_COMMA = YES;
				CLANG_WARN_CONSTANT_CONVERSION = YES;
				CLANG_WARN_DEPRECATED_OBJC_IMPLEMENTATIONS = YES;
				CLANG_WARN_DIRECT_OBJC_ISA_USAGE = YES_ERROR;
				CLANG_WARN_DOCUMENTATION_COMMENTS = YES;
				CLANG_WARN_EMPTY_BODY = YES;
				CLANG_WARN_ENUM_CONVERSION = YES;
				CLANG_WARN_INFINITE_RECURSION = YES;
				CLANG_WARN_INT_CONVERSION = YES;
				CLANG_WARN_NON_LITERAL_NULL_CONVERSION = YES;
				CLANG_WARN_OBJC_IMPLICIT_RETAIN_SELF = YES;
				CLANG_WARN_OBJC_LITERAL_CONVERSION = YES;
				CLANG_WARN_OBJC_ROOT_CLASS = YES_ERROR;
				CLANG_WARN_RANGE_LOOP_ANALYSIS = YES;
				CLANG_WARN_STRICT_PROTOTYPES = YES;
				CLANG_WARN_SUSPICIOUS_MOVE = YES;
				CLANG_WARN_UNGUARDED_AVAILABILITY = YES_AGGRESSIVE;
				CLANG_WARN_UNREACHABLE_CODE = YES;
				CLANG_WARN__DUPLICATE_METHOD_MATCH = YES;
				CODE_SIGN_IDENTITY = "iPhone Developer";
				COPY_PHASE_STRIP = NO;
				DEBUG_INFORMATION_FORMAT = "dwarf-with-dsym";
				ENABLE_NS_ASSERTIONS = NO;
				ENABLE_STRICT_OBJC_MSGSEND = YES;
				GCC_C_LANGUAGE_STANDARD = gnu11;
				GCC_NO_COMMON_BLOCKS = YES;
				GCC_WARN_64_TO_32_BIT_CONVERSION = YES;
				GCC_WARN_ABOUT_RETURN_TYPE = YES_ERROR;
				GCC_WARN_UNDECLARED_SELECTOR = YES;
				GCC_WARN_UNINITIALIZED_AUTOS = YES_AGGRESSIVE;
				GCC_WARN_UNUSED_FUNCTION = YES;
				GCC_WARN_UNUSED_VARIABLE = YES;
				IPHONEOS_DEPLOYMENT_TARGET = 12.2;
				MTL_ENABLE_DEBUG_INFO = NO;
				MTL_FAST_MATH = YES;
				SDKROOT = iphoneos;
				SWIFT_COMPILATION_MODE = wholemodule;
				SWIFT_OPTIMIZATION_LEVEL = "-O";
				VALIDATE_PRODUCT = YES;
			};
			name = Release;
		};
		319B011D22B4CCD700546447 /* Debug */ = {
			isa = XCBuildConfiguration;
			buildSettings = {
				ASSETCATALOG_COMPILER_APPICON_NAME = AppIcon;
				CODE_SIGN_STYLE = Automatic;
				DEVELOPMENT_TEAM = ZF8NN25XW6;
				INFOPLIST_FILE = AddMenu/Info.plist;
				LD_RUNPATH_SEARCH_PATHS = (
					"$(inherited)",
					"@executable_path/Frameworks",
				);
				PRODUCT_BUNDLE_IDENTIFIER = com.devikkim.AddMenu;
				PRODUCT_NAME = "$(TARGET_NAME)";
				SWIFT_VERSION = 5.0;
				TARGETED_DEVICE_FAMILY = "1,2";
			};
			name = Debug;
		};
		319B011E22B4CCD700546447 /* Release */ = {
			isa = XCBuildConfiguration;
			buildSettings = {
				ASSETCATALOG_COMPILER_APPICON_NAME = AppIcon;
				CODE_SIGN_STYLE = Automatic;
				DEVELOPMENT_TEAM = ZF8NN25XW6;
				INFOPLIST_FILE = AddMenu/Info.plist;
				LD_RUNPATH_SEARCH_PATHS = (
					"$(inherited)",
					"@executable_path/Frameworks",
				);
				PRODUCT_BUNDLE_IDENTIFIER = com.devikkim.AddMenu;
				PRODUCT_NAME = "$(TARGET_NAME)";
				SWIFT_VERSION = 5.0;
				TARGETED_DEVICE_FAMILY = "1,2";
			};
			name = Release;
		};
		319B012022B4CCD700546447 /* Debug */ = {
			isa = XCBuildConfiguration;
			buildSettings = {
				ALWAYS_EMBED_SWIFT_STANDARD_LIBRARIES = YES;
				BUNDLE_LOADER = "$(TEST_HOST)";
				CODE_SIGN_STYLE = Automatic;
				INFOPLIST_FILE = AddMenuTests/Info.plist;
				LD_RUNPATH_SEARCH_PATHS = (
					"$(inherited)",
					"@executable_path/Frameworks",
					"@loader_path/Frameworks",
				);
				PRODUCT_BUNDLE_IDENTIFIER = com.devikkim.AddMenuTests;
				PRODUCT_NAME = "$(TARGET_NAME)";
				SWIFT_VERSION = 5.0;
				TARGETED_DEVICE_FAMILY = "1,2";
				TEST_HOST = "$(BUILT_PRODUCTS_DIR)/AddMenu.app/AddMenu";
			};
			name = Debug;
		};
		319B012122B4CCD700546447 /* Release */ = {
			isa = XCBuildConfiguration;
			buildSettings = {
				ALWAYS_EMBED_SWIFT_STANDARD_LIBRARIES = YES;
				BUNDLE_LOADER = "$(TEST_HOST)";
				CODE_SIGN_STYLE = Automatic;
				INFOPLIST_FILE = AddMenuTests/Info.plist;
				LD_RUNPATH_SEARCH_PATHS = (
					"$(inherited)",
					"@executable_path/Frameworks",
					"@loader_path/Frameworks",
				);
				PRODUCT_BUNDLE_IDENTIFIER = com.devikkim.AddMenuTests;
				PRODUCT_NAME = "$(TARGET_NAME)";
				SWIFT_VERSION = 5.0;
				TARGETED_DEVICE_FAMILY = "1,2";
				TEST_HOST = "$(BUILT_PRODUCTS_DIR)/AddMenu.app/AddMenu";
			};
			name = Release;
		};
		319B012322B4CCD700546447 /* Debug */ = {
			isa = XCBuildConfiguration;
			buildSettings = {
				ALWAYS_EMBED_SWIFT_STANDARD_LIBRARIES = YES;
				CODE_SIGN_STYLE = Automatic;
				INFOPLIST_FILE = AddMenuUITests/Info.plist;
				LD_RUNPATH_SEARCH_PATHS = (
					"$(inherited)",
					"@executable_path/Frameworks",
					"@loader_path/Frameworks",
				);
				PRODUCT_BUNDLE_IDENTIFIER = com.devikkim.AddMenuUITests;
				PRODUCT_NAME = "$(TARGET_NAME)";
				SWIFT_VERSION = 5.0;
				TARGETED_DEVICE_FAMILY = "1,2";
				TEST_TARGET_NAME = AddMenu;
			};
			name = Debug;
		};
		319B012422B4CCD700546447 /* Release */ = {
			isa = XCBuildConfiguration;
			buildSettings = {
				ALWAYS_EMBED_SWIFT_STANDARD_LIBRARIES = YES;
				CODE_SIGN_STYLE = Automatic;
				INFOPLIST_FILE = AddMenuUITests/Info.plist;
				LD_RUNPATH_SEARCH_PATHS = (
					"$(inherited)",
					"@executable_path/Frameworks",
					"@loader_path/Frameworks",
				);
				PRODUCT_BUNDLE_IDENTIFIER = com.devikkim.AddMenuUITests;
				PRODUCT_NAME = "$(TARGET_NAME)";
				SWIFT_VERSION = 5.0;
				TARGETED_DEVICE_FAMILY = "1,2";
				TEST_TARGET_NAME = AddMenu;
			};
			name = Release;
		};
/* End XCBuildConfiguration section */

/* Begin XCConfigurationList section */
		319B00EF22B4CCD600546447 /* Build configuration list for PBXProject "AddMenu" */ = {
			isa = XCConfigurationList;
			buildConfigurations = (
				319B011A22B4CCD700546447 /* Debug */,
				319B011B22B4CCD700546447 /* Release */,
			);
			defaultConfigurationIsVisible = 0;
			defaultConfigurationName = Release;
		};
		319B011C22B4CCD700546447 /* Build configuration list for PBXNativeTarget "AddMenu" */ = {
			isa = XCConfigurationList;
			buildConfigurations = (
				319B011D22B4CCD700546447 /* Debug */,
				319B011E22B4CCD700546447 /* Release */,
			);
			defaultConfigurationIsVisible = 0;
			defaultConfigurationName = Release;
		};
		319B011F22B4CCD700546447 /* Build configuration list for PBXNativeTarget "AddMenuTests" */ = {
			isa = XCConfigurationList;
			buildConfigurations = (
				319B012022B4CCD700546447 /* Debug */,
				319B012122B4CCD700546447 /* Release */,
			);
			defaultConfigurationIsVisible = 0;
			defaultConfigurationName = Release;
		};
		319B012222B4CCD700546447 /* Build configuration list for PBXNativeTarget "AddMenuUITests" */ = {
			isa = XCConfigurationList;
			buildConfigurations = (
				319B012322B4CCD700546447 /* Debug */,
				319B012422B4CCD700546447 /* Release */,
			);
			defaultConfigurationIsVisible = 0;
			defaultConfigurationName = Release;
		};
/* End XCConfigurationList section */
	};
	rootObject = 319B00EC22B4CCD600546447 /* Project object */;
}
